// !$*UTF8*$!
{
	archiveVersion = 1;
	classes = {
	};
	objectVersion = 46;
	objects = {

/* Begin PBXBuildFile section */
		37649E44215C021A00CBA6FF /* Bundle+VersionNumber.swift in Sources */ = {isa = PBXBuildFile; fileRef = 37649E43215C021A00CBA6FF /* Bundle+VersionNumber.swift */; };
		376FAC20219CDD7300D6DEB8 /* BRReadingFetcher.swift in Sources */ = {isa = PBXBuildFile; fileRef = 376FAC1F219CDD7300D6DEB8 /* BRReadingFetcher.swift */; };
		37BBBF4121B04A5600BC06E7 /* BRTranslation.m in Sources */ = {isa = PBXBuildFile; fileRef = 37BBBF4021B04A5600BC06E7 /* BRTranslation.m */; };
		37E293C5219B81BA0086012D /* BRReadingViewController.swift in Sources */ = {isa = PBXBuildFile; fileRef = 37E293C4219B81BA0086012D /* BRReadingViewController.swift */; };
		C314D5B520B0D9420066EA98 /* Kingthings_Foundation.ttf in Resources */ = {isa = PBXBuildFile; fileRef = C314D5B420B0D9400066EA98 /* Kingthings_Foundation.ttf */; };
		C3200E0D1B0708E400F957DD /* GenBasR.ttf in Resources */ = {isa = PBXBuildFile; fileRef = C3200E0C1B0708D400F957DD /* GenBasR.ttf */; };
		C326EB5E188328160003A1F0 /* BRReading.m in Sources */ = {isa = PBXBuildFile; fileRef = C326EB5D188328160003A1F0 /* BRReading.m */; };
		C32E921B1A58DE9800A486B6 /* BRDatePickerViewController.swift in Sources */ = {isa = PBXBuildFile; fileRef = C32E921A1A58DE9800A486B6 /* BRDatePickerViewController.swift */; };
		C33F6E3E1880CF6700D9AA77 /* BRTableCell.m in Sources */ = {isa = PBXBuildFile; fileRef = C33F6E3D1880CF6700D9AA77 /* BRTableCell.m */; };
		C341C20B1A9908DC005E951C /* Launch Screen.xib in Resources */ = {isa = PBXBuildFile; fileRef = C341C20A1A9908DC005E951C /* Launch Screen.xib */; };
		C368E39D1B127C7C00BF4230 /* cover@2x.png in Resources */ = {isa = PBXBuildFile; fileRef = C368E39B1B127C7C00BF4230 /* cover@2x.png */; };
		C368E39E1B127C7C00BF4230 /* cover@3x.png in Resources */ = {isa = PBXBuildFile; fileRef = C368E39C1B127C7C00BF4230 /* cover@3x.png */; };
		C36A76FD1A2259FB00E4FD35 /* BRSettingsViewController.swift in Sources */ = {isa = PBXBuildFile; fileRef = C36A76FC1A2259FB00E4FD35 /* BRSettingsViewController.swift */; };
		C38E66561AF6695000EC5EDB /* bg@2x.png in Resources */ = {isa = PBXBuildFile; fileRef = C38E66541AF6695000EC5EDB /* bg@2x.png */; };
		C38E66571AF6695000EC5EDB /* bg@3x.png in Resources */ = {isa = PBXBuildFile; fileRef = C38E66551AF6695000EC5EDB /* bg@3x.png */; };
		C3BB3FDB1B12861200446061 /* BRCoverViewController.m in Sources */ = {isa = PBXBuildFile; fileRef = C3BB3FDA1B12861200446061 /* BRCoverViewController.m */; };
		C3FBEA38187A56840040D082 /* Foundation.framework in Frameworks */ = {isa = PBXBuildFile; fileRef = C3FBEA37187A56840040D082 /* Foundation.framework */; };
		C3FBEA3A187A56840040D082 /* CoreGraphics.framework in Frameworks */ = {isa = PBXBuildFile; fileRef = C3FBEA39187A56840040D082 /* CoreGraphics.framework */; };
		C3FBEA3C187A56840040D082 /* UIKit.framework in Frameworks */ = {isa = PBXBuildFile; fileRef = C3FBEA3B187A56840040D082 /* UIKit.framework */; };
		C3FBEA42187A56840040D082 /* InfoPlist.strings in Resources */ = {isa = PBXBuildFile; fileRef = C3FBEA40187A56840040D082 /* InfoPlist.strings */; };
		C3FBEA44187A56840040D082 /* main.m in Sources */ = {isa = PBXBuildFile; fileRef = C3FBEA43187A56840040D082 /* main.m */; };
		C3FBEA48187A56840040D082 /* BRAppDelegate.m in Sources */ = {isa = PBXBuildFile; fileRef = C3FBEA47187A56840040D082 /* BRAppDelegate.m */; };
		C3FBEA4B187A56840040D082 /* Main.storyboard in Resources */ = {isa = PBXBuildFile; fileRef = C3FBEA49187A56840040D082 /* Main.storyboard */; };
		C3FBEA4E187A56840040D082 /* BRViewController.m in Sources */ = {isa = PBXBuildFile; fileRef = C3FBEA4D187A56840040D082 /* BRViewController.m */; };
		C3FBEA50187A56840040D082 /* Images.xcassets in Resources */ = {isa = PBXBuildFile; fileRef = C3FBEA4F187A56840040D082 /* Images.xcassets */; };
		C3FBEA57187A56840040D082 /* XCTest.framework in Frameworks */ = {isa = PBXBuildFile; fileRef = C3FBEA56187A56840040D082 /* XCTest.framework */; };
		C3FBEA58187A56840040D082 /* Foundation.framework in Frameworks */ = {isa = PBXBuildFile; fileRef = C3FBEA37187A56840040D082 /* Foundation.framework */; };
		C3FBEA59187A56840040D082 /* UIKit.framework in Frameworks */ = {isa = PBXBuildFile; fileRef = C3FBEA3B187A56840040D082 /* UIKit.framework */; };
		C3FBEA61187A56840040D082 /* InfoPlist.strings in Resources */ = {isa = PBXBuildFile; fileRef = C3FBEA5F187A56840040D082 /* InfoPlist.strings */; };
		C3FBEA63187A56840040D082 /* bible_readingTests.m in Sources */ = {isa = PBXBuildFile; fileRef = C3FBEA62187A56840040D082 /* bible_readingTests.m */; };
		C3FBEA6E187A56F90040D082 /* BRReadingManager.m in Sources */ = {isa = PBXBuildFile; fileRef = C3FBEA6D187A56F90040D082 /* BRReadingManager.m */; };
/* End PBXBuildFile section */

/* Begin PBXContainerItemProxy section */
		C3FBEA5A187A56840040D082 /* PBXContainerItemProxy */ = {
			isa = PBXContainerItemProxy;
			containerPortal = C3FBEA2C187A56840040D082 /* Project object */;
			proxyType = 1;
			remoteGlobalIDString = C3FBEA33187A56840040D082;
			remoteInfo = "bible-reading";
		};
/* End PBXContainerItemProxy section */

/* Begin PBXFileReference section */
		37649E43215C021A00CBA6FF /* Bundle+VersionNumber.swift */ = {isa = PBXFileReference; fileEncoding = 4; lastKnownFileType = sourcecode.swift; path = "Bundle+VersionNumber.swift"; sourceTree = "<group>"; };
		376FAC1F219CDD7300D6DEB8 /* BRReadingFetcher.swift */ = {isa = PBXFileReference; lastKnownFileType = sourcecode.swift; path = BRReadingFetcher.swift; sourceTree = "<group>"; };
		37BBBF3F21B04A5600BC06E7 /* BRTranslation.h */ = {isa = PBXFileReference; lastKnownFileType = sourcecode.c.h; path = BRTranslation.h; sourceTree = "<group>"; };
		37BBBF4021B04A5600BC06E7 /* BRTranslation.m */ = {isa = PBXFileReference; lastKnownFileType = sourcecode.c.objc; path = BRTranslation.m; sourceTree = "<group>"; };
		37E293C4219B81BA0086012D /* BRReadingViewController.swift */ = {isa = PBXFileReference; lastKnownFileType = sourcecode.swift; path = BRReadingViewController.swift; sourceTree = "<group>"; };
		C314D5B420B0D9400066EA98 /* Kingthings_Foundation.ttf */ = {isa = PBXFileReference; lastKnownFileType = file; path = Kingthings_Foundation.ttf; sourceTree = "<group>"; };
		C3200E0C1B0708D400F957DD /* GenBasR.ttf */ = {isa = PBXFileReference; lastKnownFileType = file; path = GenBasR.ttf; sourceTree = "<group>"; };
		C326EB5C188328160003A1F0 /* BRReading.h */ = {isa = PBXFileReference; fileEncoding = 4; lastKnownFileType = sourcecode.c.h; path = BRReading.h; sourceTree = "<group>"; };
		C326EB5D188328160003A1F0 /* BRReading.m */ = {isa = PBXFileReference; fileEncoding = 4; lastKnownFileType = sourcecode.c.objc; path = BRReading.m; sourceTree = "<group>"; };
		C32E921A1A58DE9800A486B6 /* BRDatePickerViewController.swift */ = {isa = PBXFileReference; fileEncoding = 4; lastKnownFileType = sourcecode.swift; path = BRDatePickerViewController.swift; sourceTree = "<group>"; };
		C33F6E3C1880CF6700D9AA77 /* BRTableCell.h */ = {isa = PBXFileReference; fileEncoding = 4; lastKnownFileType = sourcecode.c.h; path = BRTableCell.h; sourceTree = "<group>"; };
		C33F6E3D1880CF6700D9AA77 /* BRTableCell.m */ = {isa = PBXFileReference; fileEncoding = 4; lastKnownFileType = sourcecode.c.objc; path = BRTableCell.m; sourceTree = "<group>"; };
		C341C20A1A9908DC005E951C /* Launch Screen.xib */ = {isa = PBXFileReference; fileEncoding = 4; lastKnownFileType = file.xib; path = "Launch Screen.xib"; sourceTree = "<group>"; };
		C368E39B1B127C7C00BF4230 /* cover@2x.png */ = {isa = PBXFileReference; lastKnownFileType = image.png; name = "cover@2x.png"; path = "assets/cover@2x.png"; sourceTree = SOURCE_ROOT; };
		C368E39C1B127C7C00BF4230 /* cover@3x.png */ = {isa = PBXFileReference; lastKnownFileType = image.png; name = "cover@3x.png"; path = "assets/cover@3x.png"; sourceTree = SOURCE_ROOT; };
		C36A76FB1A2259FB00E4FD35 /* bible-reading-Bridging-Header.h */ = {isa = PBXFileReference; lastKnownFileType = sourcecode.c.h; path = "bible-reading-Bridging-Header.h"; sourceTree = "<group>"; };
		C36A76FC1A2259FB00E4FD35 /* BRSettingsViewController.swift */ = {isa = PBXFileReference; fileEncoding = 4; lastKnownFileType = sourcecode.swift; path = BRSettingsViewController.swift; sourceTree = "<group>"; };
		C38E66541AF6695000EC5EDB /* bg@2x.png */ = {isa = PBXFileReference; lastKnownFileType = image.png; name = "bg@2x.png"; path = "assets/bg@2x.png"; sourceTree = SOURCE_ROOT; };
		C38E66551AF6695000EC5EDB /* bg@3x.png */ = {isa = PBXFileReference; lastKnownFileType = image.png; name = "bg@3x.png"; path = "assets/bg@3x.png"; sourceTree = SOURCE_ROOT; };
		C3BB3FD91B12861200446061 /* BRCoverViewController.h */ = {isa = PBXFileReference; fileEncoding = 4; lastKnownFileType = sourcecode.c.h; path = BRCoverViewController.h; sourceTree = "<group>"; };
		C3BB3FDA1B12861200446061 /* BRCoverViewController.m */ = {isa = PBXFileReference; fileEncoding = 4; lastKnownFileType = sourcecode.c.objc; path = BRCoverViewController.m; sourceTree = "<group>"; };
		C3FBEA34187A56840040D082 /* bible-reading.app */ = {isa = PBXFileReference; explicitFileType = wrapper.application; includeInIndex = 0; path = "bible-reading.app"; sourceTree = BUILT_PRODUCTS_DIR; };
		C3FBEA37187A56840040D082 /* Foundation.framework */ = {isa = PBXFileReference; lastKnownFileType = wrapper.framework; name = Foundation.framework; path = System/Library/Frameworks/Foundation.framework; sourceTree = SDKROOT; };
		C3FBEA39187A56840040D082 /* CoreGraphics.framework */ = {isa = PBXFileReference; lastKnownFileType = wrapper.framework; name = CoreGraphics.framework; path = System/Library/Frameworks/CoreGraphics.framework; sourceTree = SDKROOT; };
		C3FBEA3B187A56840040D082 /* UIKit.framework */ = {isa = PBXFileReference; lastKnownFileType = wrapper.framework; name = UIKit.framework; path = System/Library/Frameworks/UIKit.framework; sourceTree = SDKROOT; };
		C3FBEA3F187A56840040D082 /* bible-reading-Info.plist */ = {isa = PBXFileReference; lastKnownFileType = text.plist.xml; path = "bible-reading-Info.plist"; sourceTree = "<group>"; };
		C3FBEA41187A56840040D082 /* en */ = {isa = PBXFileReference; lastKnownFileType = text.plist.strings; name = en; path = en.lproj/InfoPlist.strings; sourceTree = "<group>"; };
		C3FBEA43187A56840040D082 /* main.m */ = {isa = PBXFileReference; lastKnownFileType = sourcecode.c.objc; path = main.m; sourceTree = "<group>"; };
		C3FBEA45187A56840040D082 /* bible-reading-Prefix.pch */ = {isa = PBXFileReference; lastKnownFileType = sourcecode.c.h; path = "bible-reading-Prefix.pch"; sourceTree = "<group>"; };
		C3FBEA46187A56840040D082 /* BRAppDelegate.h */ = {isa = PBXFileReference; lastKnownFileType = sourcecode.c.h; path = BRAppDelegate.h; sourceTree = "<group>"; };
		C3FBEA47187A56840040D082 /* BRAppDelegate.m */ = {isa = PBXFileReference; lastKnownFileType = sourcecode.c.objc; path = BRAppDelegate.m; sourceTree = "<group>"; };
		C3FBEA4A187A56840040D082 /* Base */ = {isa = PBXFileReference; lastKnownFileType = file.storyboard; name = Base; path = Base.lproj/Main.storyboard; sourceTree = "<group>"; };
		C3FBEA4C187A56840040D082 /* BRViewController.h */ = {isa = PBXFileReference; lastKnownFileType = sourcecode.c.h; path = BRViewController.h; sourceTree = "<group>"; };
		C3FBEA4D187A56840040D082 /* BRViewController.m */ = {isa = PBXFileReference; lastKnownFileType = sourcecode.c.objc; path = BRViewController.m; sourceTree = "<group>"; };
		C3FBEA4F187A56840040D082 /* Images.xcassets */ = {isa = PBXFileReference; lastKnownFileType = folder.assetcatalog; path = Images.xcassets; sourceTree = "<group>"; };
		C3FBEA55187A56840040D082 /* bible-readingTests.xctest */ = {isa = PBXFileReference; explicitFileType = wrapper.cfbundle; includeInIndex = 0; path = "bible-readingTests.xctest"; sourceTree = BUILT_PRODUCTS_DIR; };
		C3FBEA56187A56840040D082 /* XCTest.framework */ = {isa = PBXFileReference; lastKnownFileType = wrapper.framework; name = XCTest.framework; path = Library/Frameworks/XCTest.framework; sourceTree = DEVELOPER_DIR; };
		C3FBEA5E187A56840040D082 /* bible-readingTests-Info.plist */ = {isa = PBXFileReference; lastKnownFileType = text.plist.xml; path = "bible-readingTests-Info.plist"; sourceTree = "<group>"; };
		C3FBEA60187A56840040D082 /* en */ = {isa = PBXFileReference; lastKnownFileType = text.plist.strings; name = en; path = en.lproj/InfoPlist.strings; sourceTree = "<group>"; };
		C3FBEA62187A56840040D082 /* bible_readingTests.m */ = {isa = PBXFileReference; lastKnownFileType = sourcecode.c.objc; path = bible_readingTests.m; sourceTree = "<group>"; };
		C3FBEA6C187A56F90040D082 /* BRReadingManager.h */ = {isa = PBXFileReference; fileEncoding = 4; lastKnownFileType = sourcecode.c.h; path = BRReadingManager.h; sourceTree = "<group>"; };
		C3FBEA6D187A56F90040D082 /* BRReadingManager.m */ = {isa = PBXFileReference; fileEncoding = 4; lastKnownFileType = sourcecode.c.objc; path = BRReadingManager.m; sourceTree = "<group>"; };
/* End PBXFileReference section */

/* Begin PBXFrameworksBuildPhase section */
		C3FBEA31187A56840040D082 /* Frameworks */ = {
			isa = PBXFrameworksBuildPhase;
			buildActionMask = 2147483647;
			files = (
				C3FBEA3A187A56840040D082 /* CoreGraphics.framework in Frameworks */,
				C3FBEA3C187A56840040D082 /* UIKit.framework in Frameworks */,
				C3FBEA38187A56840040D082 /* Foundation.framework in Frameworks */,
			);
			runOnlyForDeploymentPostprocessing = 0;
		};
		C3FBEA52187A56840040D082 /* Frameworks */ = {
			isa = PBXFrameworksBuildPhase;
			buildActionMask = 2147483647;
			files = (
				C3FBEA57187A56840040D082 /* XCTest.framework in Frameworks */,
				C3FBEA59187A56840040D082 /* UIKit.framework in Frameworks */,
				C3FBEA58187A56840040D082 /* Foundation.framework in Frameworks */,
			);
			runOnlyForDeploymentPostprocessing = 0;
		};
/* End PBXFrameworksBuildPhase section */

/* Begin PBXGroup section */
		C3FBEA2B187A56840040D082 = {
			isa = PBXGroup;
			children = (
				C3FBEA3D187A56840040D082 /* bible-reading */,
				C3FBEA5C187A56840040D082 /* bible-readingTests */,
				C3FBEA36187A56840040D082 /* Frameworks */,
				C3FBEA35187A56840040D082 /* Products */,
			);
			sourceTree = "<group>";
		};
		C3FBEA35187A56840040D082 /* Products */ = {
			isa = PBXGroup;
			children = (
				C3FBEA34187A56840040D082 /* bible-reading.app */,
				C3FBEA55187A56840040D082 /* bible-readingTests.xctest */,
			);
			name = Products;
			sourceTree = "<group>";
		};
		C3FBEA36187A56840040D082 /* Frameworks */ = {
			isa = PBXGroup;
			children = (
				C3FBEA37187A56840040D082 /* Foundation.framework */,
				C3FBEA39187A56840040D082 /* CoreGraphics.framework */,
				C3FBEA3B187A56840040D082 /* UIKit.framework */,
				C3FBEA56187A56840040D082 /* XCTest.framework */,
			);
			name = Frameworks;
			sourceTree = "<group>";
		};
		C3FBEA3D187A56840040D082 /* bible-reading */ = {
			isa = PBXGroup;
			children = (
				C3FBEA46187A56840040D082 /* BRAppDelegate.h */,
				C3FBEA47187A56840040D082 /* BRAppDelegate.m */,
				C3FBEA49187A56840040D082 /* Main.storyboard */,
				C3BB3FD91B12861200446061 /* BRCoverViewController.h */,
				C3BB3FDA1B12861200446061 /* BRCoverViewController.m */,
				C3FBEA4C187A56840040D082 /* BRViewController.h */,
				C3FBEA4D187A56840040D082 /* BRViewController.m */,
				C36A76FC1A2259FB00E4FD35 /* BRSettingsViewController.swift */,
				C32E921A1A58DE9800A486B6 /* BRDatePickerViewController.swift */,
				C33F6E3C1880CF6700D9AA77 /* BRTableCell.h */,
				C33F6E3D1880CF6700D9AA77 /* BRTableCell.m */,
				37E293C4219B81BA0086012D /* BRReadingViewController.swift */,
				376FAC1F219CDD7300D6DEB8 /* BRReadingFetcher.swift */,
				C3FBEA6C187A56F90040D082 /* BRReadingManager.h */,
				C3FBEA6D187A56F90040D082 /* BRReadingManager.m */,
				37BBBF3F21B04A5600BC06E7 /* BRTranslation.h */,
				37BBBF4021B04A5600BC06E7 /* BRTranslation.m */,
				C326EB5C188328160003A1F0 /* BRReading.h */,
				C326EB5D188328160003A1F0 /* BRReading.m */,
				37649E43215C021A00CBA6FF /* Bundle+VersionNumber.swift */,
				C3FBEA4F187A56840040D082 /* Images.xcassets */,
				C3FBEA3E187A56840040D082 /* Supporting Files */,
				C36A76FB1A2259FB00E4FD35 /* bible-reading-Bridging-Header.h */,
			);
			path = "bible-reading";
			sourceTree = "<group>";
		};
		C3FBEA3E187A56840040D082 /* Supporting Files */ = {
			isa = PBXGroup;
			children = (
				C314D5B420B0D9400066EA98 /* Kingthings_Foundation.ttf */,
				C3200E0C1B0708D400F957DD /* GenBasR.ttf */,
				C341C20A1A9908DC005E951C /* Launch Screen.xib */,
				C38E66541AF6695000EC5EDB /* bg@2x.png */,
				C38E66551AF6695000EC5EDB /* bg@3x.png */,
				C368E39B1B127C7C00BF4230 /* cover@2x.png */,
				C368E39C1B127C7C00BF4230 /* cover@3x.png */,
				C3FBEA3F187A56840040D082 /* bible-reading-Info.plist */,
				C3FBEA40187A56840040D082 /* InfoPlist.strings */,
				C3FBEA43187A56840040D082 /* main.m */,
				C3FBEA45187A56840040D082 /* bible-reading-Prefix.pch */,
			);
			name = "Supporting Files";
			sourceTree = "<group>";
		};
		C3FBEA5C187A56840040D082 /* bible-readingTests */ = {
			isa = PBXGroup;
			children = (
				C3FBEA62187A56840040D082 /* bible_readingTests.m */,
				C3FBEA5D187A56840040D082 /* Supporting Files */,
			);
			path = "bible-readingTests";
			sourceTree = "<group>";
		};
		C3FBEA5D187A56840040D082 /* Supporting Files */ = {
			isa = PBXGroup;
			children = (
				C3FBEA5E187A56840040D082 /* bible-readingTests-Info.plist */,
				C3FBEA5F187A56840040D082 /* InfoPlist.strings */,
			);
			name = "Supporting Files";
			sourceTree = "<group>";
		};
/* End PBXGroup section */

/* Begin PBXNativeTarget section */
		C3FBEA33187A56840040D082 /* bible-reading */ = {
			isa = PBXNativeTarget;
			buildConfigurationList = C3FBEA66187A56840040D082 /* Build configuration list for PBXNativeTarget "bible-reading" */;
			buildPhases = (
				C3FBEA30187A56840040D082 /* Sources */,
				C3FBEA31187A56840040D082 /* Frameworks */,
				C3FBEA32187A56840040D082 /* Resources */,
			);
			buildRules = (
			);
			dependencies = (
			);
			name = "bible-reading";
			productName = "bible-reading";
			productReference = C3FBEA34187A56840040D082 /* bible-reading.app */;
			productType = "com.apple.product-type.application";
		};
		C3FBEA54187A56840040D082 /* bible-readingTests */ = {
			isa = PBXNativeTarget;
			buildConfigurationList = C3FBEA69187A56840040D082 /* Build configuration list for PBXNativeTarget "bible-readingTests" */;
			buildPhases = (
				C3FBEA51187A56840040D082 /* Sources */,
				C3FBEA52187A56840040D082 /* Frameworks */,
				C3FBEA53187A56840040D082 /* Resources */,
			);
			buildRules = (
			);
			dependencies = (
				C3FBEA5B187A56840040D082 /* PBXTargetDependency */,
			);
			name = "bible-readingTests";
			productName = "bible-readingTests";
			productReference = C3FBEA55187A56840040D082 /* bible-readingTests.xctest */;
			productType = "com.apple.product-type.bundle.unit-test";
		};
/* End PBXNativeTarget section */

/* Begin PBXProject section */
		C3FBEA2C187A56840040D082 /* Project object */ = {
			isa = PBXProject;
			attributes = {
				CLASSPREFIX = BR;
				LastSwiftMigration = 0720;
				LastSwiftUpdateCheck = 0720;
				LastUpgradeCheck = 0930;
				ORGANIZATIONNAME = "Bender Systems";
				TargetAttributes = {
					C3FBEA33187A56840040D082 = {
						DevelopmentTeam = 4FF5GW8T44;
						LastSwiftMigration = 1000;
					};
					C3FBEA54187A56840040D082 = {
						TestTargetID = C3FBEA33187A56840040D082;
					};
				};
			};
			buildConfigurationList = C3FBEA2F187A56840040D082 /* Build configuration list for PBXProject "bible-reading" */;
			compatibilityVersion = "Xcode 3.2";
			developmentRegion = English;
			hasScannedForEncodings = 0;
			knownRegions = (
				en,
				Base,
			);
			mainGroup = C3FBEA2B187A56840040D082;
			productRefGroup = C3FBEA35187A56840040D082 /* Products */;
			projectDirPath = "";
			projectRoot = "";
			targets = (
				C3FBEA33187A56840040D082 /* bible-reading */,
				C3FBEA54187A56840040D082 /* bible-readingTests */,
			);
		};
/* End PBXProject section */

/* Begin PBXResourcesBuildPhase section */
		C3FBEA32187A56840040D082 /* Resources */ = {
			isa = PBXResourcesBuildPhase;
			buildActionMask = 2147483647;
			files = (
				C3200E0D1B0708E400F957DD /* GenBasR.ttf in Resources */,
				C38E66571AF6695000EC5EDB /* bg@3x.png in Resources */,
				C3FBEA50187A56840040D082 /* Images.xcassets in Resources */,
				C314D5B520B0D9420066EA98 /* Kingthings_Foundation.ttf in Resources */,
				C368E39D1B127C7C00BF4230 /* cover@2x.png in Resources */,
				C368E39E1B127C7C00BF4230 /* cover@3x.png in Resources */,
				C341C20B1A9908DC005E951C /* Launch Screen.xib in Resources */,
				C3FBEA42187A56840040D082 /* InfoPlist.strings in Resources */,
				C3FBEA4B187A56840040D082 /* Main.storyboard in Resources */,
				C38E66561AF6695000EC5EDB /* bg@2x.png in Resources */,
			);
			runOnlyForDeploymentPostprocessing = 0;
		};
		C3FBEA53187A56840040D082 /* Resources */ = {
			isa = PBXResourcesBuildPhase;
			buildActionMask = 2147483647;
			files = (
				C3FBEA61187A56840040D082 /* InfoPlist.strings in Resources */,
			);
			runOnlyForDeploymentPostprocessing = 0;
		};
/* End PBXResourcesBuildPhase section */

/* Begin PBXSourcesBuildPhase section */
		C3FBEA30187A56840040D082 /* Sources */ = {
			isa = PBXSourcesBuildPhase;
			buildActionMask = 2147483647;
			files = (
				C326EB5E188328160003A1F0 /* BRReading.m in Sources */,
				37649E44215C021A00CBA6FF /* Bundle+VersionNumber.swift in Sources */,
				C3FBEA4E187A56840040D082 /* BRViewController.m in Sources */,
				C3BB3FDB1B12861200446061 /* BRCoverViewController.m in Sources */,
				C3FBEA48187A56840040D082 /* BRAppDelegate.m in Sources */,
				C33F6E3E1880CF6700D9AA77 /* BRTableCell.m in Sources */,
				37E293C5219B81BA0086012D /* BRReadingViewController.swift in Sources */,
				C32E921B1A58DE9800A486B6 /* BRDatePickerViewController.swift in Sources */,
				376FAC20219CDD7300D6DEB8 /* BRReadingFetcher.swift in Sources */,
				C3FBEA6E187A56F90040D082 /* BRReadingManager.m in Sources */,
				C3FBEA44187A56840040D082 /* main.m in Sources */,
				37BBBF4121B04A5600BC06E7 /* BRTranslation.m in Sources */,
				C36A76FD1A2259FB00E4FD35 /* BRSettingsViewController.swift in Sources */,
			);
			runOnlyForDeploymentPostprocessing = 0;
		};
		C3FBEA51187A56840040D082 /* Sources */ = {
			isa = PBXSourcesBuildPhase;
			buildActionMask = 2147483647;
			files = (
				C3FBEA63187A56840040D082 /* bible_readingTests.m in Sources */,
			);
			runOnlyForDeploymentPostprocessing = 0;
		};
/* End PBXSourcesBuildPhase section */

/* Begin PBXTargetDependency section */
		C3FBEA5B187A56840040D082 /* PBXTargetDependency */ = {
			isa = PBXTargetDependency;
			target = C3FBEA33187A56840040D082 /* bible-reading */;
			targetProxy = C3FBEA5A187A56840040D082 /* PBXContainerItemProxy */;
		};
/* End PBXTargetDependency section */

/* Begin PBXVariantGroup section */
		C3FBEA40187A56840040D082 /* InfoPlist.strings */ = {
			isa = PBXVariantGroup;
			children = (
				C3FBEA41187A56840040D082 /* en */,
			);
			name = InfoPlist.strings;
			sourceTree = "<group>";
		};
		C3FBEA49187A56840040D082 /* Main.storyboard */ = {
			isa = PBXVariantGroup;
			children = (
				C3FBEA4A187A56840040D082 /* Base */,
			);
			name = Main.storyboard;
			sourceTree = "<group>";
		};
		C3FBEA5F187A56840040D082 /* InfoPlist.strings */ = {
			isa = PBXVariantGroup;
			children = (
				C3FBEA60187A56840040D082 /* en */,
			);
			name = InfoPlist.strings;
			sourceTree = "<group>";
		};
/* End PBXVariantGroup section */

/* Begin XCBuildConfiguration section */
		C3FBEA64187A56840040D082 /* Debug */ = {
			isa = XCBuildConfiguration;
			buildSettings = {
				ALWAYS_SEARCH_USER_PATHS = NO;
				CLANG_CXX_LANGUAGE_STANDARD = "gnu++0x";
				CLANG_CXX_LIBRARY = "libc++";
				CLANG_ENABLE_MODULES = YES;
				CLANG_ENABLE_OBJC_ARC = YES;
				CLANG_WARN_BLOCK_CAPTURE_AUTORELEASING = YES;
				CLANG_WARN_BOOL_CONVERSION = YES;
				CLANG_WARN_COMMA = YES;
				CLANG_WARN_CONSTANT_CONVERSION = YES;
				CLANG_WARN_DEPRECATED_OBJC_IMPLEMENTATIONS = YES;
				CLANG_WARN_DIRECT_OBJC_ISA_USAGE = YES_ERROR;
				CLANG_WARN_EMPTY_BODY = YES;
				CLANG_WARN_ENUM_CONVERSION = YES;
				CLANG_WARN_INFINITE_RECURSION = YES;
				CLANG_WARN_INT_CONVERSION = YES;
				CLANG_WARN_NON_LITERAL_NULL_CONVERSION = YES;
				CLANG_WARN_OBJC_IMPLICIT_RETAIN_SELF = YES;
				CLANG_WARN_OBJC_LITERAL_CONVERSION = YES;
				CLANG_WARN_OBJC_ROOT_CLASS = YES_ERROR;
				CLANG_WARN_RANGE_LOOP_ANALYSIS = YES;
				CLANG_WARN_STRICT_PROTOTYPES = YES;
				CLANG_WARN_SUSPICIOUS_MOVE = YES;
				CLANG_WARN_UNREACHABLE_CODE = YES;
				CLANG_WARN__DUPLICATE_METHOD_MATCH = YES;
				"CODE_SIGN_IDENTITY[sdk=iphoneos*]" = "iPhone Developer";
				COPY_PHASE_STRIP = NO;
				DEFINES_MODULE = YES;
				ENABLE_STRICT_OBJC_MSGSEND = YES;
				ENABLE_TESTABILITY = YES;
				GCC_C_LANGUAGE_STANDARD = gnu99;
				GCC_DYNAMIC_NO_PIC = NO;
				GCC_NO_COMMON_BLOCKS = YES;
				GCC_OPTIMIZATION_LEVEL = 0;
				GCC_PREPROCESSOR_DEFINITIONS = (
					"DEBUG=1",
					"$(inherited)",
				);
				GCC_SYMBOLS_PRIVATE_EXTERN = NO;
				GCC_WARN_64_TO_32_BIT_CONVERSION = YES;
				GCC_WARN_ABOUT_RETURN_TYPE = YES_ERROR;
				GCC_WARN_UNDECLARED_SELECTOR = YES;
				GCC_WARN_UNINITIALIZED_AUTOS = YES;
				GCC_WARN_UNUSED_FUNCTION = YES;
				GCC_WARN_UNUSED_VARIABLE = YES;
				IPHONEOS_DEPLOYMENT_TARGET = 11.2;
				ONLY_ACTIVE_ARCH = YES;
				SDKROOT = iphoneos;
				SWIFT_VERSION = 4.0;
			};
			name = Debug;
		};
		C3FBEA65187A56840040D082 /* Release */ = {
			isa = XCBuildConfiguration;
			buildSettings = {
				ALWAYS_SEARCH_USER_PATHS = NO;
				CLANG_CXX_LANGUAGE_STANDARD = "gnu++0x";
				CLANG_CXX_LIBRARY = "libc++";
				CLANG_ENABLE_MODULES = YES;
				CLANG_ENABLE_OBJC_ARC = YES;
				CLANG_WARN_BLOCK_CAPTURE_AUTORELEASING = YES;
				CLANG_WARN_BOOL_CONVERSION = YES;
				CLANG_WARN_COMMA = YES;
				CLANG_WARN_CONSTANT_CONVERSION = YES;
				CLANG_WARN_DEPRECATED_OBJC_IMPLEMENTATIONS = YES;
				CLANG_WARN_DIRECT_OBJC_ISA_USAGE = YES_ERROR;
				CLANG_WARN_EMPTY_BODY = YES;
				CLANG_WARN_ENUM_CONVERSION = YES;
				CLANG_WARN_INFINITE_RECURSION = YES;
				CLANG_WARN_INT_CONVERSION = YES;
				CLANG_WARN_NON_LITERAL_NULL_CONVERSION = YES;
				CLANG_WARN_OBJC_IMPLICIT_RETAIN_SELF = YES;
				CLANG_WARN_OBJC_LITERAL_CONVERSION = YES;
				CLANG_WARN_OBJC_ROOT_CLASS = YES_ERROR;
				CLANG_WARN_RANGE_LOOP_ANALYSIS = YES;
				CLANG_WARN_STRICT_PROTOTYPES = YES;
				CLANG_WARN_SUSPICIOUS_MOVE = YES;
				CLANG_WARN_UNREACHABLE_CODE = YES;
				CLANG_WARN__DUPLICATE_METHOD_MATCH = YES;
				"CODE_SIGN_IDENTITY[sdk=iphoneos*]" = "iPhone Developer";
				COPY_PHASE_STRIP = YES;
				DEFINES_MODULE = YES;
				ENABLE_NS_ASSERTIONS = NO;
				ENABLE_STRICT_OBJC_MSGSEND = YES;
				GCC_C_LANGUAGE_STANDARD = gnu99;
				GCC_NO_COMMON_BLOCKS = YES;
				GCC_WARN_64_TO_32_BIT_CONVERSION = YES;
				GCC_WARN_ABOUT_RETURN_TYPE = YES_ERROR;
				GCC_WARN_UNDECLARED_SELECTOR = YES;
				GCC_WARN_UNINITIALIZED_AUTOS = YES;
				GCC_WARN_UNUSED_FUNCTION = YES;
				GCC_WARN_UNUSED_VARIABLE = YES;
				IPHONEOS_DEPLOYMENT_TARGET = 11.2;
				SDKROOT = iphoneos;
				SWIFT_COMPILATION_MODE = wholemodule;
				SWIFT_VERSION = 4.0;
				VALIDATE_PRODUCT = YES;
			};
			name = Release;
		};
		C3FBEA67187A56840040D082 /* Debug */ = {
			isa = XCBuildConfiguration;
			buildSettings = {
				ASSETCATALOG_COMPILER_APPICON_NAME = AppIcon;
				CLANG_ENABLE_MODULES = YES;
				CODE_SIGN_IDENTITY = "iPhone Developer";
				"CODE_SIGN_IDENTITY[sdk=iphoneos*]" = "iPhone Developer";
				GCC_PRECOMPILE_PREFIX_HEADER = YES;
				GCC_PREFIX_HEADER = "bible-reading/bible-reading-Prefix.pch";
				INFOPLIST_FILE = "bible-reading/bible-reading-Info.plist";
				IPHONEOS_DEPLOYMENT_TARGET = 12.1;
				LD_RUNPATH_SEARCH_PATHS = "$(inherited) @executable_path/Frameworks";
				PRODUCT_BUNDLE_IDENTIFIER = "org.bendersystems.bible-reading";
				PRODUCT_NAME = "$(TARGET_NAME)";
				PROVISIONING_PROFILE = "";
				SWIFT_OBJC_BRIDGING_HEADER = "bible-reading/bible-reading-Bridging-Header.h";
				SWIFT_OPTIMIZATION_LEVEL = "-Onone";
				SWIFT_VERSION = 4.2;
				WRAPPER_EXTENSION = app;
			};
			name = Debug;
		};
		C3FBEA68187A56840040D082 /* Release */ = {
			isa = XCBuildConfiguration;
			buildSettings = {
				ASSETCATALOG_COMPILER_APPICON_NAME = AppIcon;
				CLANG_ENABLE_MODULES = YES;
				CODE_SIGN_IDENTITY = "iPhone Developer";
				"CODE_SIGN_IDENTITY[sdk=iphoneos*]" = "iPhone Developer";
				GCC_PRECOMPILE_PREFIX_HEADER = YES;
				GCC_PREFIX_HEADER = "bible-reading/bible-reading-Prefix.pch";
				INFOPLIST_FILE = "bible-reading/bible-reading-Info.plist";
				IPHONEOS_DEPLOYMENT_TARGET = 12.1;
				LD_RUNPATH_SEARCH_PATHS = "$(inherited) @executable_path/Frameworks";
				PRODUCT_BUNDLE_IDENTIFIER = "org.bendersystems.bible-reading";
				PRODUCT_NAME = "$(TARGET_NAME)";
				PROVISIONING_PROFILE = "";
				SWIFT_OBJC_BRIDGING_HEADER = "bible-reading/bible-reading-Bridging-Header.h";
				SWIFT_VERSION = 4.2;
				WRAPPER_EXTENSION = app;
			};
			name = Release;
		};
		C3FBEA6A187A56840040D082 /* Debug */ = {
			isa = XCBuildConfiguration;
			buildSettings = {
				BUNDLE_LOADER = "$(BUILT_PRODUCTS_DIR)/bible-reading.app/bible-reading";
				FRAMEWORK_SEARCH_PATHS = (
					"$(SDKROOT)/Developer/Library/Frameworks",
					"$(inherited)",
					"$(DEVELOPER_FRAMEWORKS_DIR)",
				);
				GCC_PRECOMPILE_PREFIX_HEADER = YES;
				GCC_PREFIX_HEADER = "bible-reading/bible-reading-Prefix.pch";
				GCC_PREPROCESSOR_DEFINITIONS = (
					"DEBUG=1",
					"$(inherited)",
				);
				INFOPLIST_FILE = "bible-readingTests/bible-readingTests-Info.plist";
				PRODUCT_BUNDLE_IDENTIFIER = "org.bendersystems.${PRODUCT_NAME:rfc1034identifier}";
				PRODUCT_NAME = "$(TARGET_NAME)";
				TEST_HOST = "$(BUNDLE_LOADER)";
				WRAPPER_EXTENSION = xctest;
			};
			name = Debug;
		};
		C3FBEA6B187A56840040D082 /* Release */ = {
			isa = XCBuildConfiguration;
			buildSettings = {
				BUNDLE_LOADER = "$(BUILT_PRODUCTS_DIR)/bible-reading.app/bible-reading";
				FRAMEWORK_SEARCH_PATHS = (
					"$(SDKROOT)/Developer/Library/Frameworks",
					"$(inherited)",
					"$(DEVELOPER_FRAMEWORKS_DIR)",
				);
				GCC_PRECOMPILE_PREFIX_HEADER = YES;
				GCC_PREFIX_HEADER = "bible-reading/bible-reading-Prefix.pch";
				INFOPLIST_FILE = "bible-readingTests/bible-readingTests-Info.plist";
				PRODUCT_BUNDLE_IDENTIFIER = "org.bendersystems.${PRODUCT_NAME:rfc1034identifier}";
				PRODUCT_NAME = "$(TARGET_NAME)";
				TEST_HOST = "$(BUNDLE_LOADER)";
				WRAPPER_EXTENSION = xctest;
			};
			name = Release;
		};
/* End XCBuildConfiguration section */

/* Begin XCConfigurationList section */
		C3FBEA2F187A56840040D082 /* Build configuration list for PBXProject "bible-reading" */ = {
			isa = XCConfigurationList;
			buildConfigurations = (
				C3FBEA64187A56840040D082 /* Debug */,
				C3FBEA65187A56840040D082 /* Release */,
			);
			defaultConfigurationIsVisible = 0;
			defaultConfigurationName = Release;
		};
		C3FBEA66187A56840040D082 /* Build configuration list for PBXNativeTarget "bible-reading" */ = {
			isa = XCConfigurationList;
			buildConfigurations = (
				C3FBEA67187A56840040D082 /* Debug */,
				C3FBEA68187A56840040D082 /* Release */,
			);
			defaultConfigurationIsVisible = 0;
			defaultConfigurationName = Release;
		};
		C3FBEA69187A56840040D082 /* Build configuration list for PBXNativeTarget "bible-readingTests" */ = {
			isa = XCConfigurationList;
			buildConfigurations = (
				C3FBEA6A187A56840040D082 /* Debug */,
				C3FBEA6B187A56840040D082 /* Release */,
			);
			defaultConfigurationIsVisible = 0;
			defaultConfigurationName = Release;
		};
/* End XCConfigurationList section */
	};
	rootObject = C3FBEA2C187A56840040D082 /* Project object */;
}
